
Microsoft Visual Studio Solution File, Format Version 12.00
# Visual Studio Version 17
VisualStudioVersion = 17.5.002.0
MinimumVisualStudioVersion = 10.0.40219.1
Project("{9A19103F-16F7-4668-BE54-9A1E7A4F7556}") = "VideoCallApp", "VideoCallApp.csproj", "{DA0CF2C8-6D66-448F-97A2-0A1B81662595}"
EndProject
Global
	GlobalSection(SolutionConfigurationPlatforms) = preSolution
		Debug|Any CPU = Debug|Any CPU
		Release|Any CPU = Release|Any CPU
	EndGlobalSection
	GlobalSection(ProjectConfigurationPlatforms) = postSolution
		{DA0CF2C8-6D66-448F-97A2-0A1B81662595}.Debug|Any CPU.ActiveCfg = Debug|Any CPU
		{DA0CF2C8-6D66-448F-97A2-0A1B81662595}.Debug|Any CPU.Build.0 = Debug|Any CPU
		{DA0CF2C8-6D66-448F-97A2-0A1B81662595}.Release|Any CPU.ActiveCfg = Release|Any CPU
		{DA0CF2C8-6D66-448F-97A2-0A1B81662595}.Release|Any CPU.Build.0 = Release|Any CPU
	EndGlobalSection
	GlobalSection(SolutionProperties) = preSolution
		HideSolutionNode = FALSE
	EndGlobalSection
	GlobalSection(ExtensibilityGlobals) = postSolution
		SolutionGuid = {234EDE67-03A4-4B55-8B14-971FDA8692F7}
	EndGlobalSection
EndGlobal
